
Microsoft Visual Studio Solution File, Format Version 12.00
# Visual Studio Version 16
VisualStudioVersion = 16.0.31205.134
MinimumVisualStudioVersion = 10.0.40219.1
Project("{9A19103F-16F7-4668-BE54-9A1E7A4F7556}") = "HouseholdEconomy", "HouseholdEconomy.csproj", "{48455033-5D5E-4552-85DC-D6DF0887053F}"
EndProject
Project("{FAE04EC0-301F-11D3-BF4B-00C04F79EFBC}") = "HouseholdEconomyTest", "..\HouseholdEconomyTest\HouseholdEconomyTest.csproj", "{DCB2E754-282F-406C-ABC4-87CE6B56960E}"
EndProject
Global
	GlobalSection(SolutionConfigurationPlatforms) = preSolution
		Debug|Any CPU = Debug|Any CPU
		Release|Any CPU = Release|Any CPU
	EndGlobalSection
	GlobalSection(ProjectConfigurationPlatforms) = postSolution
		{48455033-5D5E-4552-85DC-D6DF0887053F}.Debug|Any CPU.ActiveCfg = Debug|Any CPU
		{48455033-5D5E-4552-85DC-D6DF0887053F}.Debug|Any CPU.Build.0 = Debug|Any CPU
		{48455033-5D5E-4552-85DC-D6DF0887053F}.Release|Any CPU.ActiveCfg = Release|Any CPU
		{48455033-5D5E-4552-85DC-D6DF0887053F}.Release|Any CPU.Build.0 = Release|Any CPU
		{DCB2E754-282F-406C-ABC4-87CE6B56960E}.Debug|Any CPU.ActiveCfg = Debug|Any CPU
		{DCB2E754-282F-406C-ABC4-87CE6B56960E}.Debug|Any CPU.Build.0 = Debug|Any CPU
		{DCB2E754-282F-406C-ABC4-87CE6B56960E}.Release|Any CPU.ActiveCfg = Release|Any CPU
		{DCB2E754-282F-406C-ABC4-87CE6B56960E}.Release|Any CPU.Build.0 = Release|Any CPU
	EndGlobalSection
	GlobalSection(SolutionProperties) = preSolution
		HideSolutionNode = FALSE
	EndGlobalSection
	GlobalSection(ExtensibilityGlobals) = postSolution
		SolutionGuid = {1C3AC979-DE83-4D52-B423-986A2D684B7D}
	EndGlobalSection
EndGlobal
